
Microsoft Visual Studio Solution File, Format Version 12.00
# Visual Studio Version 16
VisualStudioVersion = 16.0.29306.81
MinimumVisualStudioVersion = 10.0.40219.1
Project("{9A19103F-16F7-4668-BE54-9A1E7A4F7556}") = "Cobalt.Common.Utils", "Cobalt.Common.Utils\Cobalt.Common.Utils.csproj", "{6327A014-272D-4BB3-9266-41C06B3634EA}"
EndProject
Project("{FAE04EC0-301F-11D3-BF4B-00C04F79EFBC}") = "Cobalt.Engine", "Cobalt.Engine\Cobalt.Engine.csproj", "{7F636D25-4F10-43C1-BD54-FA99FB6451BB}"
EndProject
Global
	GlobalSection(SolutionConfigurationPlatforms) = preSolution
		Debug|Any CPU = Debug|Any CPU
		Debug|x64 = Debug|x64
		Release|Any CPU = Release|Any CPU
		Release|x64 = Release|x64
	EndGlobalSection
	GlobalSection(ProjectConfigurationPlatforms) = postSolution
		{6327A014-272D-4BB3-9266-41C06B3634EA}.Debug|Any CPU.ActiveCfg = Debug|Any CPU
		{6327A014-272D-4BB3-9266-41C06B3634EA}.Debug|Any CPU.Build.0 = Debug|Any CPU
		{6327A014-272D-4BB3-9266-41C06B3634EA}.Debug|x64.ActiveCfg = Debug|Any CPU
		{6327A014-272D-4BB3-9266-41C06B3634EA}.Debug|x64.Build.0 = Debug|Any CPU
		{6327A014-272D-4BB3-9266-41C06B3634EA}.Release|Any CPU.ActiveCfg = Release|Any CPU
		{6327A014-272D-4BB3-9266-41C06B3634EA}.Release|Any CPU.Build.0 = Release|Any CPU
		{6327A014-272D-4BB3-9266-41C06B3634EA}.Release|x64.ActiveCfg = Release|Any CPU
		{6327A014-272D-4BB3-9266-41C06B3634EA}.Release|x64.Build.0 = Release|Any CPU
		{7F636D25-4F10-43C1-BD54-FA99FB6451BB}.Debug|Any CPU.ActiveCfg = Debug|Any CPU
		{7F636D25-4F10-43C1-BD54-FA99FB6451BB}.Debug|Any CPU.Build.0 = Debug|Any CPU
		{7F636D25-4F10-43C1-BD54-FA99FB6451BB}.Debug|x64.ActiveCfg = Debug|Any CPU
		{7F636D25-4F10-43C1-BD54-FA99FB6451BB}.Debug|x64.Build.0 = Debug|Any CPU
		{7F636D25-4F10-43C1-BD54-FA99FB6451BB}.Release|Any CPU.ActiveCfg = Release|Any CPU
		{7F636D25-4F10-43C1-BD54-FA99FB6451BB}.Release|Any CPU.Build.0 = Release|Any CPU
		{7F636D25-4F10-43C1-BD54-FA99FB6451BB}.Release|x64.ActiveCfg = Release|Any CPU
		{7F636D25-4F10-43C1-BD54-FA99FB6451BB}.Release|x64.Build.0 = Release|Any CPU
	EndGlobalSection
	GlobalSection(SolutionProperties) = preSolution
		HideSolutionNode = FALSE
	EndGlobalSection
	GlobalSection(ExtensibilityGlobals) = postSolution
		SolutionGuid = {C8E359F8-4C77-4B3E-8BA4-ED1AB873D823}
	EndGlobalSection
EndGlobal
