
Microsoft Visual Studio Solution File, Format Version 12.00
# Visual Studio 15
VisualStudioVersion = 15.0.27130.2026
MinimumVisualStudioVersion = 10.0.40219.1
Project("{2150E333-8FDC-42A3-9474-1A3956D46DE8}") = "Solution Items", "Solution Items", "{CD713F94-2FD1-43FE-B9F6-A1AE2D61F974}"
	ProjectSection(SolutionItems) = preProject
		.gitattributes = .gitattributes
		.gitignore = .gitignore
		appveyor.yml = appveyor.yml
		FodyWeavers.xml = FodyWeavers.xml
		LICENSE = LICENSE
		README.md = README.md
		WORKFLOW.md = WORKFLOW.md
	EndProjectSection
EndProject
Project("{6EC3EE1D-3C4E-46DD-8F32-0CC8E7565705}") = "Cobalt.Common.Data", "Cobalt.Common.Data\Cobalt.Common.Data.fsproj", "{5F0BBADD-AB7B-4EA9-BDE0-39166CB7BB91}"
EndProject
Project("{6EC3EE1D-3C4E-46DD-8F32-0CC8E7565705}") = "Cobalt.Common.Util", "Cobalt.Common.Util\Cobalt.Common.Util.fsproj", "{3152C937-0EE6-468F-9307-A349483AE105}"
EndProject
Project("{F2A71F9B-5D33-465A-A702-920D77279786}") = "Cobalt.Tests", "Cobalt.Tests\Cobalt.Tests.fsproj", "{99EC7A5F-CD18-4F94-BF48-39BE71B8DDBF}"
EndProject
Global
	GlobalSection(SolutionConfigurationPlatforms) = preSolution
		Debug|Any CPU = Debug|Any CPU
		Release|Any CPU = Release|Any CPU
	EndGlobalSection
	GlobalSection(ProjectConfigurationPlatforms) = postSolution
		{5F0BBADD-AB7B-4EA9-BDE0-39166CB7BB91}.Debug|Any CPU.ActiveCfg = Debug|Any CPU
		{5F0BBADD-AB7B-4EA9-BDE0-39166CB7BB91}.Debug|Any CPU.Build.0 = Debug|Any CPU
		{5F0BBADD-AB7B-4EA9-BDE0-39166CB7BB91}.Release|Any CPU.ActiveCfg = Release|Any CPU
		{5F0BBADD-AB7B-4EA9-BDE0-39166CB7BB91}.Release|Any CPU.Build.0 = Release|Any CPU
		{3152C937-0EE6-468F-9307-A349483AE105}.Debug|Any CPU.ActiveCfg = Debug|Any CPU
		{3152C937-0EE6-468F-9307-A349483AE105}.Debug|Any CPU.Build.0 = Debug|Any CPU
		{3152C937-0EE6-468F-9307-A349483AE105}.Release|Any CPU.ActiveCfg = Release|Any CPU
		{3152C937-0EE6-468F-9307-A349483AE105}.Release|Any CPU.Build.0 = Release|Any CPU
		{99EC7A5F-CD18-4F94-BF48-39BE71B8DDBF}.Debug|Any CPU.ActiveCfg = Debug|Any CPU
		{99EC7A5F-CD18-4F94-BF48-39BE71B8DDBF}.Debug|Any CPU.Build.0 = Debug|Any CPU
		{99EC7A5F-CD18-4F94-BF48-39BE71B8DDBF}.Release|Any CPU.ActiveCfg = Release|Any CPU
		{99EC7A5F-CD18-4F94-BF48-39BE71B8DDBF}.Release|Any CPU.Build.0 = Release|Any CPU
	EndGlobalSection
	GlobalSection(SolutionProperties) = preSolution
		HideSolutionNode = FALSE
	EndGlobalSection
	GlobalSection(ExtensibilityGlobals) = postSolution
		SolutionGuid = {9981F3DE-E55F-4660-B22F-8156DEC968E7}
	EndGlobalSection
EndGlobal
